<Solution>
  <Folder Name="/Services/" />
  <Folder Name="/Services/Identity/">
    <Project Path="Services/Identity/Identity.Api/Identity.Api.csproj" />
    <Project Path="Services/Identity/Identity.Application/Identity.Application.csproj" />
    <Project Path="Services/Identity/Identity.Domain/Identity.Domain.csproj" />
    <Project Path="Services/Identity/Identity.Infrastructure/Identity.Infrastructure.csproj" />
  </Folder>
  <Folder Name="/Shared/">
    <Project Path="Shared/HMS.Shared.Abstractions/HMS.Shared.Abstractions.csproj" />
    <Project Path="Shared/HMS.Shared.Caching/HMS.Shared.Caching.csproj" />
    <Project Path="Shared/HMS.Shared.Contracts/HMS.Shared.Contracts.csproj" />
    <Project Path="Shared/HMS.Shared.Inbox/HMS.Shared.Inbox.csproj" />
    <Project Path="Shared/HMS.Shared.Messaging/HMS.Shared.Messaging.csproj" />
    <Project Path="Shared/HMS.Shared.Outbox/HMS.Shared.Outbox.csproj" />
    <Project Path="Shared/HMS.Shared.Resilience/HMS.Shared.Resilience.csproj" />
    <Project Path="Shared/HMS.Shared.Security/HMS.Shared.Security.csproj" />
  </Folder>
</Solution>
